
Microsoft Visual Studio Solution File, Format Version 12.00
# Visual Studio Version 17
VisualStudioVersion = 17.4.33205.214
MinimumVisualStudioVersion = 10.0.40219.1
Project("{8BC9CEB8-8B4A-11D0-8D11-00A0C91BC942}") = "ch2-1", "ch2-1\ch2-1.vcxproj", "{CC58E742-652F-4EE2-876B-08A4B983C030}"
EndProject
Global
	GlobalSection(SolutionConfigurationPlatforms) = preSolution
		Debug|x64 = Debug|x64
		Debug|x86 = Debug|x86
		Release|x64 = Release|x64
		Release|x86 = Release|x86
	EndGlobalSection
	GlobalSection(ProjectConfigurationPlatforms) = postSolution
		{CC58E742-652F-4EE2-876B-08A4B983C030}.Debug|x64.ActiveCfg = Debug|x64
		{CC58E742-652F-4EE2-876B-08A4B983C030}.Debug|x64.Build.0 = Debug|x64
		{CC58E742-652F-4EE2-876B-08A4B983C030}.Debug|x86.ActiveCfg = Debug|Win32
		{CC58E742-652F-4EE2-876B-08A4B983C030}.Debug|x86.Build.0 = Debug|Win32
		{CC58E742-652F-4EE2-876B-08A4B983C030}.Release|x64.ActiveCfg = Release|x64
		{CC58E742-652F-4EE2-876B-08A4B983C030}.Release|x64.Build.0 = Release|x64
		{CC58E742-652F-4EE2-876B-08A4B983C030}.Release|x86.ActiveCfg = Release|Win32
		{CC58E742-652F-4EE2-876B-08A4B983C030}.Release|x86.Build.0 = Release|Win32
	EndGlobalSection
	GlobalSection(SolutionProperties) = preSolution
		HideSolutionNode = FALSE
	EndGlobalSection
	GlobalSection(ExtensibilityGlobals) = postSolution
		SolutionGuid = {AC7BC988-E48B-47FC-8163-2A3C41C0B917}
	EndGlobalSection
EndGlobal
